// !$*UTF8*$!
{
	archiveVersion = 1;
	classes = {
	};
	objectVersion = 42;
	objects = {

/* Begin PBXBuildFile section */
		BBAB23CB13894F3D00AA2426 /* GLUT.framework in CopyFiles */ = {isa = PBXBuildFile; fileRef = BBAB23BE13894E4700AA2426 /* GLUT.framework */; };
		E4328149138ABC9F0047C5CB /* openFrameworksDebug.a in Frameworks */ = {isa = PBXBuildFile; fileRef = E4328148138ABC890047C5CB /* openFrameworksDebug.a */; };
		E45BE97B0E8CC7DD009D7055 /* AGL.framework in Frameworks */ = {isa = PBXBuildFile; fileRef = E45BE9710E8CC7DD009D7055 /* AGL.framework */; };
		E45BE97C0E8CC7DD009D7055 /* ApplicationServices.framework in Frameworks */ = {isa = PBXBuildFile; fileRef = E45BE9720E8CC7DD009D7055 /* ApplicationServices.framework */; };
		E45BE97D0E8CC7DD009D7055 /* AudioToolbox.framework in Frameworks */ = {isa = PBXBuildFile; fileRef = E45BE9730E8CC7DD009D7055 /* AudioToolbox.framework */; };
		E45BE97E0E8CC7DD009D7055 /* Carbon.framework in Frameworks */ = {isa = PBXBuildFile; fileRef = E45BE9740E8CC7DD009D7055 /* Carbon.framework */; };
		E45BE97F0E8CC7DD009D7055 /* CoreAudio.framework in Frameworks */ = {isa = PBXBuildFile; fileRef = E45BE9750E8CC7DD009D7055 /* CoreAudio.framework */; };
		E45BE9800E8CC7DD009D7055 /* CoreFoundation.framework in Frameworks */ = {isa = PBXBuildFile; fileRef = E45BE9760E8CC7DD009D7055 /* CoreFoundation.framework */; };
		E45BE9810E8CC7DD009D7055 /* CoreServices.framework in Frameworks */ = {isa = PBXBuildFile; fileRef = E45BE9770E8CC7DD009D7055 /* CoreServices.framework */; };
		E45BE9830E8CC7DD009D7055 /* OpenGL.framework in Frameworks */ = {isa = PBXBuildFile; fileRef = E45BE9790E8CC7DD009D7055 /* OpenGL.framework */; };
		E45BE9840E8CC7DD009D7055 /* QuickTime.framework in Frameworks */ = {isa = PBXBuildFile; fileRef = E45BE97A0E8CC7DD009D7055 /* QuickTime.framework */; };
		E4B69E200A3A1BDC003C02F2 /* main.cpp in Sources */ = {isa = PBXBuildFile; fileRef = E4B69E1D0A3A1BDC003C02F2 /* main.cpp */; };
		E4B69E210A3A1BDC003C02F2 /* testApp.cpp in Sources */ = {isa = PBXBuildFile; fileRef = E4B69E1E0A3A1BDC003C02F2 /* testApp.cpp */; };
		E4C2424710CC5A17004149E2 /* AppKit.framework in Frameworks */ = {isa = PBXBuildFile; fileRef = E4C2424410CC5A17004149E2 /* AppKit.framework */; };
		E4C2424810CC5A17004149E2 /* Cocoa.framework in Frameworks */ = {isa = PBXBuildFile; fileRef = E4C2424510CC5A17004149E2 /* Cocoa.framework */; };
		E4C2424910CC5A17004149E2 /* IOKit.framework in Frameworks */ = {isa = PBXBuildFile; fileRef = E4C2424610CC5A17004149E2 /* IOKit.framework */; };
		E4EB6799138ADC1D00A09F29 /* GLUT.framework in Frameworks */ = {isa = PBXBuildFile; fileRef = BBAB23BE13894E4700AA2426 /* GLUT.framework */; };
		EAAA188015474BED00F86842 /* RtMidi.cpp in Sources */ = {isa = PBXBuildFile; fileRef = EAAA187615474BED00F86842 /* RtMidi.cpp */; };
		EAAA188115474BED00F86842 /* ofxMidiIn.cpp in Sources */ = {isa = PBXBuildFile; fileRef = EAAA187C15474BED00F86842 /* ofxMidiIn.cpp */; };
		EAAA188215474BED00F86842 /* ofxMidiOut.cpp in Sources */ = {isa = PBXBuildFile; fileRef = EAAA187E15474BED00F86842 /* ofxMidiOut.cpp */; };
		EAAA18C515474BFF00F86842 /* tinyxml.cpp in Sources */ = {isa = PBXBuildFile; fileRef = EAAA188615474BFF00F86842 /* tinyxml.cpp */; };
		EAAA18C615474BFF00F86842 /* tinyxmlerror.cpp in Sources */ = {isa = PBXBuildFile; fileRef = EAAA188815474BFF00F86842 /* tinyxmlerror.cpp */; };
		EAAA18C715474BFF00F86842 /* tinyxmlparser.cpp in Sources */ = {isa = PBXBuildFile; fileRef = EAAA188915474BFF00F86842 /* tinyxmlparser.cpp */; };
		EAAA18C815474BFF00F86842 /* ofxXmlSettings.cpp in Sources */ = {isa = PBXBuildFile; fileRef = EAAA188B15474BFF00F86842 /* ofxXmlSettings.cpp */; };
		EAAA18CB15474BFF00F86842 /* Container.cpp in Sources */ = {isa = PBXBuildFile; fileRef = EAAA18B415474BFF00F86842 /* Container.cpp */; };
		EAAA18CC15474BFF00F86842 /* Control.cpp in Sources */ = {isa = PBXBuildFile; fileRef = EAAA18B615474BFF00F86842 /* Control.cpp */; };
		EAAA18CD15474BFF00F86842 /* Controls.cpp in Sources */ = {isa = PBXBuildFile; fileRef = EAAA18B815474BFF00F86842 /* Controls.cpp */; };
		EAAA18CE15474BFF00F86842 /* Gui.cpp in Sources */ = {isa = PBXBuildFile; fileRef = EAAA18BA15474BFF00F86842 /* Gui.cpp */; };
		EAAA18CF15474BFF00F86842 /* Instantiator.cpp in Sources */ = {isa = PBXBuildFile; fileRef = EAAA18BC15474BFF00F86842 /* Instantiator.cpp */; };
		EAAA18D015474BFF00F86842 /* ofGuiEventDispatcher.cpp in Sources */ = {isa = PBXBuildFile; fileRef = EAAA18BF15474BFF00F86842 /* ofGuiEventDispatcher.cpp */; };
		EAAA18D115474BFF00F86842 /* Resources.cpp in Sources */ = {isa = PBXBuildFile; fileRef = EAAA18C315474BFF00F86842 /* Resources.cpp */; };
		EAAA18D31547545100F86842 /* CoreMIDI.framework in Frameworks */ = {isa = PBXBuildFile; fileRef = EAAA18D21547545100F86842 /* CoreMIDI.framework */; };
		EAADFEC51573D87E00D4F6AB /* IpEndpointName.cpp in Sources */ = {isa = PBXBuildFile; fileRef = EAADFEA11573D87E00D4F6AB /* IpEndpointName.cpp */; };
		EAADFEC61573D87E00D4F6AB /* NetworkingUtils.cpp in Sources */ = {isa = PBXBuildFile; fileRef = EAADFEA61573D87E00D4F6AB /* NetworkingUtils.cpp */; };
		EAADFEC71573D87E00D4F6AB /* UdpSocket.cpp in Sources */ = {isa = PBXBuildFile; fileRef = EAADFEA71573D87E00D4F6AB /* UdpSocket.cpp */; };
		EAADFEC81573D87E00D4F6AB /* NetworkingUtilsWin.cpp in Sources */ = {isa = PBXBuildFile; fileRef = EAADFEAB1573D87E00D4F6AB /* NetworkingUtilsWin.cpp */; };
		EAADFEC91573D87E00D4F6AB /* UdpSocketWin.cpp in Sources */ = {isa = PBXBuildFile; fileRef = EAADFEAC1573D87E00D4F6AB /* UdpSocketWin.cpp */; };
		EAADFECA1573D87E00D4F6AB /* OscOutboundPacketStream.cpp in Sources */ = {isa = PBXBuildFile; fileRef = EAADFEB11573D87E00D4F6AB /* OscOutboundPacketStream.cpp */; };
		EAADFECB1573D87E00D4F6AB /* OscPrintReceivedElements.cpp in Sources */ = {isa = PBXBuildFile; fileRef = EAADFEB41573D87E00D4F6AB /* OscPrintReceivedElements.cpp */; };
		EAADFECC1573D87E00D4F6AB /* OscReceivedElements.cpp in Sources */ = {isa = PBXBuildFile; fileRef = EAADFEB61573D87E00D4F6AB /* OscReceivedElements.cpp */; };
		EAADFECD1573D87E00D4F6AB /* OscTypes.cpp in Sources */ = {isa = PBXBuildFile; fileRef = EAADFEB81573D87E00D4F6AB /* OscTypes.cpp */; };
		EAADFECE1573D87F00D4F6AB /* ofxOscBundle.cpp in Sources */ = {isa = PBXBuildFile; fileRef = EAADFEBD1573D87E00D4F6AB /* ofxOscBundle.cpp */; };
		EAADFECF1573D87F00D4F6AB /* ofxOscMessage.cpp in Sources */ = {isa = PBXBuildFile; fileRef = EAADFEBF1573D87E00D4F6AB /* ofxOscMessage.cpp */; };
		EAADFED01573D87F00D4F6AB /* ofxOscReceiver.cpp in Sources */ = {isa = PBXBuildFile; fileRef = EAADFEC11573D87E00D4F6AB /* ofxOscReceiver.cpp */; };
		EAADFED11573D87F00D4F6AB /* ofxOscSender.cpp in Sources */ = {isa = PBXBuildFile; fileRef = EAADFEC31573D87E00D4F6AB /* ofxOscSender.cpp */; };
		EAEDDD071566B8C40016A7F7 /* ofxSettings.cpp in Sources */ = {isa = PBXBuildFile; fileRef = EAEDDD051566B8C40016A7F7 /* ofxSettings.cpp */; };
/* End PBXBuildFile section */

/* Begin PBXContainerItemProxy section */
		E4328147138ABC890047C5CB /* PBXContainerItemProxy */ = {
			isa = PBXContainerItemProxy;
			containerPortal = E4328143138ABC890047C5CB /* openFrameworksLib.xcodeproj */;
			proxyType = 2;
			remoteGlobalIDString = E4B27C1510CBEB8E00536013;
			remoteInfo = openFrameworks;
		};
		E4EEB9AB138B136A00A80321 /* PBXContainerItemProxy */ = {
			isa = PBXContainerItemProxy;
			containerPortal = E4328143138ABC890047C5CB /* openFrameworksLib.xcodeproj */;
			proxyType = 1;
			remoteGlobalIDString = E4B27C1410CBEB8E00536013;
			remoteInfo = openFrameworks;
		};
/* End PBXContainerItemProxy section */

/* Begin PBXCopyFilesBuildPhase section */
		E4C2427710CC5ABF004149E2 /* CopyFiles */ = {
			isa = PBXCopyFilesBuildPhase;
			buildActionMask = 2147483647;
			dstPath = "";
			dstSubfolderSpec = 10;
			files = (
				BBAB23CB13894F3D00AA2426 /* GLUT.framework in CopyFiles */,
			);
			runOnlyForDeploymentPostprocessing = 0;
		};
/* End PBXCopyFilesBuildPhase section */

/* Begin PBXFileReference section */
		BBAB23BE13894E4700AA2426 /* GLUT.framework */ = {isa = PBXFileReference; lastKnownFileType = wrapper.framework; name = GLUT.framework; path = ../../../libs/glut/lib/osx/GLUT.framework; sourceTree = "<group>"; };
		E4328143138ABC890047C5CB /* openFrameworksLib.xcodeproj */ = {isa = PBXFileReference; lastKnownFileType = "wrapper.pb-project"; name = openFrameworksLib.xcodeproj; path = ../../../libs/openFrameworksCompiled/project/osx/openFrameworksLib.xcodeproj; sourceTree = SOURCE_ROOT; };
		E45BE9710E8CC7DD009D7055 /* AGL.framework */ = {isa = PBXFileReference; lastKnownFileType = wrapper.framework; name = AGL.framework; path = /System/Library/Frameworks/AGL.framework; sourceTree = "<absolute>"; };
		E45BE9720E8CC7DD009D7055 /* ApplicationServices.framework */ = {isa = PBXFileReference; lastKnownFileType = wrapper.framework; name = ApplicationServices.framework; path = /System/Library/Frameworks/ApplicationServices.framework; sourceTree = "<absolute>"; };
		E45BE9730E8CC7DD009D7055 /* AudioToolbox.framework */ = {isa = PBXFileReference; lastKnownFileType = wrapper.framework; name = AudioToolbox.framework; path = /System/Library/Frameworks/AudioToolbox.framework; sourceTree = "<absolute>"; };
		E45BE9740E8CC7DD009D7055 /* Carbon.framework */ = {isa = PBXFileReference; lastKnownFileType = wrapper.framework; name = Carbon.framework; path = /System/Library/Frameworks/Carbon.framework; sourceTree = "<absolute>"; };
		E45BE9750E8CC7DD009D7055 /* CoreAudio.framework */ = {isa = PBXFileReference; lastKnownFileType = wrapper.framework; name = CoreAudio.framework; path = /System/Library/Frameworks/CoreAudio.framework; sourceTree = "<absolute>"; };
		E45BE9760E8CC7DD009D7055 /* CoreFoundation.framework */ = {isa = PBXFileReference; lastKnownFileType = wrapper.framework; name = CoreFoundation.framework; path = /System/Library/Frameworks/CoreFoundation.framework; sourceTree = "<absolute>"; };
		E45BE9770E8CC7DD009D7055 /* CoreServices.framework */ = {isa = PBXFileReference; lastKnownFileType = wrapper.framework; name = CoreServices.framework; path = /System/Library/Frameworks/CoreServices.framework; sourceTree = "<absolute>"; };
		E45BE9790E8CC7DD009D7055 /* OpenGL.framework */ = {isa = PBXFileReference; lastKnownFileType = wrapper.framework; name = OpenGL.framework; path = /System/Library/Frameworks/OpenGL.framework; sourceTree = "<absolute>"; };
		E45BE97A0E8CC7DD009D7055 /* QuickTime.framework */ = {isa = PBXFileReference; lastKnownFileType = wrapper.framework; name = QuickTime.framework; path = /System/Library/Frameworks/QuickTime.framework; sourceTree = "<absolute>"; };
		E4B69B5B0A3A1756003C02F2 /* SensorMidiDebug.app */ = {isa = PBXFileReference; explicitFileType = wrapper.application; includeInIndex = 0; path = SensorMidiDebug.app; sourceTree = BUILT_PRODUCTS_DIR; };
		E4B69E1D0A3A1BDC003C02F2 /* main.cpp */ = {isa = PBXFileReference; fileEncoding = 30; lastKnownFileType = sourcecode.cpp.cpp; name = main.cpp; path = src/main.cpp; sourceTree = SOURCE_ROOT; };
		E4B69E1E0A3A1BDC003C02F2 /* testApp.cpp */ = {isa = PBXFileReference; explicitFileType = sourcecode.cpp.cpp; fileEncoding = 30; name = testApp.cpp; path = src/testApp.cpp; sourceTree = SOURCE_ROOT; };
		E4B69E1F0A3A1BDC003C02F2 /* testApp.h */ = {isa = PBXFileReference; fileEncoding = 30; lastKnownFileType = sourcecode.c.h; name = testApp.h; path = src/testApp.h; sourceTree = SOURCE_ROOT; };
		E4B6FCAD0C3E899E008CF71C /* openFrameworks-Info.plist */ = {isa = PBXFileReference; fileEncoding = 30; lastKnownFileType = text.plist.xml; path = "openFrameworks-Info.plist"; sourceTree = "<group>"; };
		E4C2424410CC5A17004149E2 /* AppKit.framework */ = {isa = PBXFileReference; lastKnownFileType = wrapper.framework; name = AppKit.framework; path = /System/Library/Frameworks/AppKit.framework; sourceTree = "<absolute>"; };
		E4C2424510CC5A17004149E2 /* Cocoa.framework */ = {isa = PBXFileReference; lastKnownFileType = wrapper.framework; name = Cocoa.framework; path = /System/Library/Frameworks/Cocoa.framework; sourceTree = "<absolute>"; };
		E4C2424610CC5A17004149E2 /* IOKit.framework */ = {isa = PBXFileReference; lastKnownFileType = wrapper.framework; name = IOKit.framework; path = /System/Library/Frameworks/IOKit.framework; sourceTree = "<absolute>"; };
		E4EB691F138AFCF100A09F29 /* CoreOF.xcconfig */ = {isa = PBXFileReference; fileEncoding = 4; lastKnownFileType = text.xcconfig; name = CoreOF.xcconfig; path = ../../../libs/openFrameworksCompiled/project/osx/CoreOF.xcconfig; sourceTree = SOURCE_ROOT; };
		E4EB6923138AFD0F00A09F29 /* Project.xcconfig */ = {isa = PBXFileReference; fileEncoding = 4; lastKnownFileType = text.xcconfig; path = Project.xcconfig; sourceTree = "<group>"; };
		EA4CDBA1157FA23600311B76 /* SliderBank.h */ = {isa = PBXFileReference; fileEncoding = 4; lastKnownFileType = sourcecode.c.h; path = SliderBank.h; sourceTree = "<group>"; };
		EAA1CB6F155BCE63002F3F6B /* MixingDesk.h */ = {isa = PBXFileReference; fileEncoding = 4; lastKnownFileType = sourcecode.c.h; path = MixingDesk.h; sourceTree = "<group>"; };
		EAAA187315474BED00F86842 /* install.xml */ = {isa = PBXFileReference; fileEncoding = 4; lastKnownFileType = text.xml; path = install.xml; sourceTree = "<group>"; };
		EAAA187515474BED00F86842 /* RtError.h */ = {isa = PBXFileReference; fileEncoding = 4; lastKnownFileType = sourcecode.c.h; path = RtError.h; sourceTree = "<group>"; };
		EAAA187615474BED00F86842 /* RtMidi.cpp */ = {isa = PBXFileReference; fileEncoding = 4; lastKnownFileType = sourcecode.cpp.cpp; path = RtMidi.cpp; sourceTree = "<group>"; };
		EAAA187715474BED00F86842 /* RtMidi.h */ = {isa = PBXFileReference; fileEncoding = 4; lastKnownFileType = sourcecode.c.h; path = RtMidi.h; sourceTree = "<group>"; };
		EAAA187915474BED00F86842 /* ofxMidi.h */ = {isa = PBXFileReference; fileEncoding = 4; lastKnownFileType = sourcecode.c.h; path = ofxMidi.h; sourceTree = "<group>"; };
		EAAA187A15474BED00F86842 /* ofxMidiConstants.h */ = {isa = PBXFileReference; fileEncoding = 4; lastKnownFileType = sourcecode.c.h; path = ofxMidiConstants.h; sourceTree = "<group>"; };
		EAAA187B15474BED00F86842 /* ofxMidiEvents.h */ = {isa = PBXFileReference; fileEncoding = 4; lastKnownFileType = sourcecode.c.h; path = ofxMidiEvents.h; sourceTree = "<group>"; };
		EAAA187C15474BED00F86842 /* ofxMidiIn.cpp */ = {isa = PBXFileReference; fileEncoding = 4; lastKnownFileType = sourcecode.cpp.cpp; path = ofxMidiIn.cpp; sourceTree = "<group>"; };
		EAAA187D15474BED00F86842 /* ofxMidiIn.h */ = {isa = PBXFileReference; fileEncoding = 4; lastKnownFileType = sourcecode.c.h; path = ofxMidiIn.h; sourceTree = "<group>"; };
		EAAA187E15474BED00F86842 /* ofxMidiOut.cpp */ = {isa = PBXFileReference; fileEncoding = 4; lastKnownFileType = sourcecode.cpp.cpp; path = ofxMidiOut.cpp; sourceTree = "<group>"; };
		EAAA187F15474BED00F86842 /* ofxMidiOut.h */ = {isa = PBXFileReference; fileEncoding = 4; lastKnownFileType = sourcecode.c.h; path = ofxMidiOut.h; sourceTree = "<group>"; };
		EAAA188615474BFF00F86842 /* tinyxml.cpp */ = {isa = PBXFileReference; fileEncoding = 4; lastKnownFileType = sourcecode.cpp.cpp; path = tinyxml.cpp; sourceTree = "<group>"; };
		EAAA188715474BFF00F86842 /* tinyxml.h */ = {isa = PBXFileReference; fileEncoding = 4; lastKnownFileType = sourcecode.c.h; path = tinyxml.h; sourceTree = "<group>"; };
		EAAA188815474BFF00F86842 /* tinyxmlerror.cpp */ = {isa = PBXFileReference; fileEncoding = 4; lastKnownFileType = sourcecode.cpp.cpp; path = tinyxmlerror.cpp; sourceTree = "<group>"; };
		EAAA188915474BFF00F86842 /* tinyxmlparser.cpp */ = {isa = PBXFileReference; fileEncoding = 4; lastKnownFileType = sourcecode.cpp.cpp; path = tinyxmlparser.cpp; sourceTree = "<group>"; };
		EAAA188B15474BFF00F86842 /* ofxXmlSettings.cpp */ = {isa = PBXFileReference; fileEncoding = 4; lastKnownFileType = sourcecode.cpp.cpp; path = ofxXmlSettings.cpp; sourceTree = "<group>"; };
		EAAA188C15474BFF00F86842 /* ofxXmlSettings.h */ = {isa = PBXFileReference; fileEncoding = 4; lastKnownFileType = sourcecode.c.h; path = ofxXmlSettings.h; sourceTree = "<group>"; };
		EAAA188F15474BFF00F86842 /* SimpleGui.h */ = {isa = PBXFileReference; fileEncoding = 4; lastKnownFileType = sourcecode.c.h; path = SimpleGui.h; sourceTree = "<group>"; };
		EAAA189115474BFF00F86842 /* ColorPicker.h */ = {isa = PBXFileReference; fileEncoding = 4; lastKnownFileType = sourcecode.c.h; path = ColorPicker.h; sourceTree = "<group>"; };
		EAAA189215474BFF00F86842 /* Contour.h */ = {isa = PBXFileReference; fileEncoding = 4; lastKnownFileType = sourcecode.c.h; path = Contour.h; sourceTree = "<group>"; };
		EAAA189315474BFF00F86842 /* DoubleField.h */ = {isa = PBXFileReference; fileEncoding = 4; lastKnownFileType = sourcecode.c.h; path = DoubleField.h; sourceTree = "<group>"; };
		EAAA189415474BFF00F86842 /* Drawable.h */ = {isa = PBXFileReference; fileEncoding = 4; lastKnownFileType = sourcecode.c.h; path = Drawable.h; sourceTree = "<group>"; };
		EAAA189515474BFF00F86842 /* FileField.h */ = {isa = PBXFileReference; fileEncoding = 4; lastKnownFileType = sourcecode.c.h; path = FileField.h; sourceTree = "<group>"; };
		EAAA189615474BFF00F86842 /* FloatField.h */ = {isa = PBXFileReference; fileEncoding = 4; lastKnownFileType = sourcecode.c.h; path = FloatField.h; sourceTree = "<group>"; };
		EAAA189715474BFF00F86842 /* FPSCounter.h */ = {isa = PBXFileReference; fileEncoding = 4; lastKnownFileType = sourcecode.c.h; path = FPSCounter.h; sourceTree = "<group>"; };
		EAAA189815474BFF00F86842 /* Grid.h */ = {isa = PBXFileReference; fileEncoding = 4; lastKnownFileType = sourcecode.c.h; path = Grid.h; sourceTree = "<group>"; };
		EAAA189915474BFF00F86842 /* IntField.h */ = {isa = PBXFileReference; fileEncoding = 4; lastKnownFileType = sourcecode.c.h; path = IntField.h; sourceTree = "<group>"; };
		EAAA189A15474BFF00F86842 /* IntSlider.h */ = {isa = PBXFileReference; fileEncoding = 4; lastKnownFileType = sourcecode.c.h; path = IntSlider.h; sourceTree = "<group>"; };
		EAAA189B15474BFF00F86842 /* Keyboard.h */ = {isa = PBXFileReference; fileEncoding = 4; lastKnownFileType = sourcecode.c.h; path = Keyboard.h; sourceTree = "<group>"; };
		EAAA189C15474BFF00F86842 /* Knob.h */ = {isa = PBXFileReference; fileEncoding = 4; lastKnownFileType = sourcecode.c.h; path = Knob.h; sourceTree = "<group>"; };
		EAAA189D15474BFF00F86842 /* LabeledControl.h */ = {isa = PBXFileReference; fileEncoding = 4; lastKnownFileType = sourcecode.c.h; path = LabeledControl.h; sourceTree = "<group>"; };
		EAAA189E15474BFF00F86842 /* List.h */ = {isa = PBXFileReference; fileEncoding = 4; lastKnownFileType = sourcecode.c.h; path = List.h; sourceTree = "<group>"; };
		EAAA189F15474BFF00F86842 /* Menu.h */ = {isa = PBXFileReference; fileEncoding = 4; lastKnownFileType = sourcecode.c.h; path = Menu.h; sourceTree = "<group>"; };
		EAAA18A015474BFF00F86842 /* MenuBar.h */ = {isa = PBXFileReference; fileEncoding = 4; lastKnownFileType = sourcecode.c.h; path = MenuBar.h; sourceTree = "<group>"; };
		EAAA18A115474BFF00F86842 /* MenuItem.h */ = {isa = PBXFileReference; fileEncoding = 4; lastKnownFileType = sourcecode.c.h; path = MenuItem.h; sourceTree = "<group>"; };
		EAAA18A215474BFF00F86842 /* Meter.h */ = {isa = PBXFileReference; fileEncoding = 4; lastKnownFileType = sourcecode.c.h; path = Meter.h; sourceTree = "<group>"; };
		EAAA18A315474BFF00F86842 /* Pane.h */ = {isa = PBXFileReference; fileEncoding = 4; lastKnownFileType = sourcecode.c.h; path = Pane.h; sourceTree = "<group>"; };
		EAAA18A415474BFF00F86842 /* Panner.h */ = {isa = PBXFileReference; fileEncoding = 4; lastKnownFileType = sourcecode.c.h; path = Panner.h; sourceTree = "<group>"; };
		EAAA18A515474BFF00F86842 /* PushButton.h */ = {isa = PBXFileReference; fileEncoding = 4; lastKnownFileType = sourcecode.c.h; path = PushButton.h; sourceTree = "<group>"; };
		EAAA18A615474BFF00F86842 /* SegmentedControl.h */ = {isa = PBXFileReference; fileEncoding = 4; lastKnownFileType = sourcecode.c.h; path = SegmentedControl.h; sourceTree = "<group>"; };
		EAAA18A715474BFF00F86842 /* Slider.h */ = {isa = PBXFileReference; fileEncoding = 4; lastKnownFileType = sourcecode.c.h; path = Slider.h; sourceTree = "<group>"; };
		EAAA18A815474BFF00F86842 /* Slider2D.h */ = {isa = PBXFileReference; fileEncoding = 4; lastKnownFileType = sourcecode.c.h; path = Slider2D.h; sourceTree = "<group>"; };
		EAAA18A915474BFF00F86842 /* Text.h */ = {isa = PBXFileReference; fileEncoding = 4; lastKnownFileType = sourcecode.c.h; path = Text.h; sourceTree = "<group>"; };
		EAAA18AA15474BFF00F86842 /* TextField.h */ = {isa = PBXFileReference; fileEncoding = 4; lastKnownFileType = sourcecode.c.h; path = TextField.h; sourceTree = "<group>"; };
		EAAA18AB15474BFF00F86842 /* Title.h */ = {isa = PBXFileReference; fileEncoding = 4; lastKnownFileType = sourcecode.c.h; path = Title.h; sourceTree = "<group>"; };
		EAAA18AC15474BFF00F86842 /* Toggle.h */ = {isa = PBXFileReference; fileEncoding = 4; lastKnownFileType = sourcecode.c.h; path = Toggle.h; sourceTree = "<group>"; };
		EAAA18AD15474BFF00F86842 /* VU.h */ = {isa = PBXFileReference; fileEncoding = 4; lastKnownFileType = sourcecode.c.h; path = VU.h; sourceTree = "<group>"; };
		EAAA18B415474BFF00F86842 /* Container.cpp */ = {isa = PBXFileReference; fileEncoding = 4; lastKnownFileType = sourcecode.cpp.cpp; path = Container.cpp; sourceTree = "<group>"; };
		EAAA18B515474BFF00F86842 /* Container.h */ = {isa = PBXFileReference; fileEncoding = 4; lastKnownFileType = sourcecode.c.h; path = Container.h; sourceTree = "<group>"; };
		EAAA18B615474BFF00F86842 /* Control.cpp */ = {isa = PBXFileReference; fileEncoding = 4; lastKnownFileType = sourcecode.cpp.cpp; path = Control.cpp; sourceTree = "<group>"; };
		EAAA18B715474BFF00F86842 /* Control.h */ = {isa = PBXFileReference; fileEncoding = 4; lastKnownFileType = sourcecode.c.h; path = Control.h; sourceTree = "<group>"; };
		EAAA18B815474BFF00F86842 /* Controls.cpp */ = {isa = PBXFileReference; fileEncoding = 4; lastKnownFileType = sourcecode.cpp.cpp; path = Controls.cpp; sourceTree = "<group>"; };
		EAAA18B915474BFF00F86842 /* GridSequence.h */ = {isa = PBXFileReference; fileEncoding = 4; lastKnownFileType = sourcecode.c.h; path = GridSequence.h; sourceTree = "<group>"; };
		EAAA18BA15474BFF00F86842 /* Gui.cpp */ = {isa = PBXFileReference; fileEncoding = 4; lastKnownFileType = sourcecode.cpp.cpp; path = Gui.cpp; sourceTree = "<group>"; };
		EAAA18BB15474BFF00F86842 /* Gui.h */ = {isa = PBXFileReference; fileEncoding = 4; lastKnownFileType = sourcecode.c.h; path = Gui.h; sourceTree = "<group>"; };
		EAAA18BC15474BFF00F86842 /* Instantiator.cpp */ = {isa = PBXFileReference; fileEncoding = 4; lastKnownFileType = sourcecode.cpp.cpp; path = Instantiator.cpp; sourceTree = "<group>"; };
		EAAA18BD15474BFF00F86842 /* Instantiator.h */ = {isa = PBXFileReference; fileEncoding = 4; lastKnownFileType = sourcecode.c.h; path = Instantiator.h; sourceTree = "<group>"; };
		EAAA18BE15474BFF00F86842 /* Listener.h */ = {isa = PBXFileReference; fileEncoding = 4; lastKnownFileType = sourcecode.c.h; path = Listener.h; sourceTree = "<group>"; };
		EAAA18BF15474BFF00F86842 /* ofGuiEventDispatcher.cpp */ = {isa = PBXFileReference; fileEncoding = 4; lastKnownFileType = sourcecode.cpp.cpp; path = ofGuiEventDispatcher.cpp; sourceTree = "<group>"; };
		EAAA18C015474BFF00F86842 /* ofGuiEventDispatcher.h */ = {isa = PBXFileReference; fileEncoding = 4; lastKnownFileType = sourcecode.c.h; path = ofGuiEventDispatcher.h; sourceTree = "<group>"; };
		EAAA18C115474BFF00F86842 /* ofxXmlGui.h */ = {isa = PBXFileReference; fileEncoding = 4; lastKnownFileType = sourcecode.c.h; path = ofxXmlGui.h; sourceTree = "<group>"; };
		EAAA18C215474BFF00F86842 /* ParameterInfo.h */ = {isa = PBXFileReference; fileEncoding = 4; lastKnownFileType = sourcecode.c.h; path = ParameterInfo.h; sourceTree = "<group>"; };
		EAAA18C315474BFF00F86842 /* Resources.cpp */ = {isa = PBXFileReference; fileEncoding = 4; lastKnownFileType = sourcecode.cpp.cpp; path = Resources.cpp; sourceTree = "<group>"; };
		EAAA18C415474BFF00F86842 /* Resources.h */ = {isa = PBXFileReference; fileEncoding = 4; lastKnownFileType = sourcecode.c.h; path = Resources.h; sourceTree = "<group>"; };
		EAAA18D21547545100F86842 /* CoreMIDI.framework */ = {isa = PBXFileReference; lastKnownFileType = wrapper.framework; name = CoreMIDI.framework; path = SDKs/MacOSX10.6.sdk/System/Library/Frameworks/CoreMIDI.framework; sourceTree = SYSTEM_DEVELOPER_DIR; };
		EAADFE9C1573D87E00D4F6AB /* install.xml */ = {isa = PBXFileReference; fileEncoding = 4; lastKnownFileType = text.xml; path = install.xml; sourceTree = "<group>"; };
		EAADFEA11573D87E00D4F6AB /* IpEndpointName.cpp */ = {isa = PBXFileReference; fileEncoding = 4; lastKnownFileType = sourcecode.cpp.cpp; path = IpEndpointName.cpp; sourceTree = "<group>"; };
		EAADFEA21573D87E00D4F6AB /* IpEndpointName.h */ = {isa = PBXFileReference; fileEncoding = 4; lastKnownFileType = sourcecode.c.h; path = IpEndpointName.h; sourceTree = "<group>"; };
		EAADFEA31573D87E00D4F6AB /* NetworkingUtils.h */ = {isa = PBXFileReference; fileEncoding = 4; lastKnownFileType = sourcecode.c.h; path = NetworkingUtils.h; sourceTree = "<group>"; };
		EAADFEA41573D87E00D4F6AB /* PacketListener.h */ = {isa = PBXFileReference; fileEncoding = 4; lastKnownFileType = sourcecode.c.h; path = PacketListener.h; sourceTree = "<group>"; };
		EAADFEA61573D87E00D4F6AB /* NetworkingUtils.cpp */ = {isa = PBXFileReference; fileEncoding = 4; lastKnownFileType = sourcecode.cpp.cpp; path = NetworkingUtils.cpp; sourceTree = "<group>"; };
		EAADFEA71573D87E00D4F6AB /* UdpSocket.cpp */ = {isa = PBXFileReference; fileEncoding = 4; lastKnownFileType = sourcecode.cpp.cpp; path = UdpSocket.cpp; sourceTree = "<group>"; };
		EAADFEA81573D87E00D4F6AB /* TimerListener.h */ = {isa = PBXFileReference; fileEncoding = 4; lastKnownFileType = sourcecode.c.h; path = TimerListener.h; sourceTree = "<group>"; };
		EAADFEA91573D87E00D4F6AB /* UdpSocket.h */ = {isa = PBXFileReference; fileEncoding = 4; lastKnownFileType = sourcecode.c.h; path = UdpSocket.h; sourceTree = "<group>"; };
		EAADFEAB1573D87E00D4F6AB /* NetworkingUtilsWin.cpp */ = {isa = PBXFileReference; fileEncoding = 4; lastKnownFileType = sourcecode.cpp.cpp; path = NetworkingUtilsWin.cpp; sourceTree = "<group>"; };
		EAADFEAC1573D87E00D4F6AB /* UdpSocketWin.cpp */ = {isa = PBXFileReference; fileEncoding = 4; lastKnownFileType = sourcecode.cpp.cpp; path = UdpSocketWin.cpp; sourceTree = "<group>"; };
		EAADFEAE1573D87E00D4F6AB /* MessageMappingOscPacketListener.h */ = {isa = PBXFileReference; fileEncoding = 4; lastKnownFileType = sourcecode.c.h; path = MessageMappingOscPacketListener.h; sourceTree = "<group>"; };
		EAADFEAF1573D87E00D4F6AB /* OscException.h */ = {isa = PBXFileReference; fileEncoding = 4; lastKnownFileType = sourcecode.c.h; path = OscException.h; sourceTree = "<group>"; };
		EAADFEB01573D87E00D4F6AB /* OscHostEndianness.h */ = {isa = PBXFileReference; fileEncoding = 4; lastKnownFileType = sourcecode.c.h; path = OscHostEndianness.h; sourceTree = "<group>"; };
		EAADFEB11573D87E00D4F6AB /* OscOutboundPacketStream.cpp */ = {isa = PBXFileReference; fileEncoding = 4; lastKnownFileType = sourcecode.cpp.cpp; path = OscOutboundPacketStream.cpp; sourceTree = "<group>"; };
		EAADFEB21573D87E00D4F6AB /* OscOutboundPacketStream.h */ = {isa = PBXFileReference; fileEncoding = 4; lastKnownFileType = sourcecode.c.h; path = OscOutboundPacketStream.h; sourceTree = "<group>"; };
		EAADFEB31573D87E00D4F6AB /* OscPacketListener.h */ = {isa = PBXFileReference; fileEncoding = 4; lastKnownFileType = sourcecode.c.h; path = OscPacketListener.h; sourceTree = "<group>"; };
		EAADFEB41573D87E00D4F6AB /* OscPrintReceivedElements.cpp */ = {isa = PBXFileReference; fileEncoding = 4; lastKnownFileType = sourcecode.cpp.cpp; path = OscPrintReceivedElements.cpp; sourceTree = "<group>"; };
		EAADFEB51573D87E00D4F6AB /* OscPrintReceivedElements.h */ = {isa = PBXFileReference; fileEncoding = 4; lastKnownFileType = sourcecode.c.h; path = OscPrintReceivedElements.h; sourceTree = "<group>"; };
		EAADFEB61573D87E00D4F6AB /* OscReceivedElements.cpp */ = {isa = PBXFileReference; fileEncoding = 4; lastKnownFileType = sourcecode.cpp.cpp; path = OscReceivedElements.cpp; sourceTree = "<group>"; };
		EAADFEB71573D87E00D4F6AB /* OscReceivedElements.h */ = {isa = PBXFileReference; fileEncoding = 4; lastKnownFileType = sourcecode.c.h; path = OscReceivedElements.h; sourceTree = "<group>"; };
		EAADFEB81573D87E00D4F6AB /* OscTypes.cpp */ = {isa = PBXFileReference; fileEncoding = 4; lastKnownFileType = sourcecode.cpp.cpp; path = OscTypes.cpp; sourceTree = "<group>"; };
		EAADFEB91573D87E00D4F6AB /* OscTypes.h */ = {isa = PBXFileReference; fileEncoding = 4; lastKnownFileType = sourcecode.c.h; path = OscTypes.h; sourceTree = "<group>"; };
		EAADFEBB1573D87E00D4F6AB /* ofxOsc.h */ = {isa = PBXFileReference; fileEncoding = 4; lastKnownFileType = sourcecode.c.h; path = ofxOsc.h; sourceTree = "<group>"; };
		EAADFEBC1573D87E00D4F6AB /* ofxOscArg.h */ = {isa = PBXFileReference; fileEncoding = 4; lastKnownFileType = sourcecode.c.h; path = ofxOscArg.h; sourceTree = "<group>"; };
		EAADFEBD1573D87E00D4F6AB /* ofxOscBundle.cpp */ = {isa = PBXFileReference; fileEncoding = 4; lastKnownFileType = sourcecode.cpp.cpp; path = ofxOscBundle.cpp; sourceTree = "<group>"; };
		EAADFEBE1573D87E00D4F6AB /* ofxOscBundle.h */ = {isa = PBXFileReference; fileEncoding = 4; lastKnownFileType = sourcecode.c.h; path = ofxOscBundle.h; sourceTree = "<group>"; };
		EAADFEBF1573D87E00D4F6AB /* ofxOscMessage.cpp */ = {isa = PBXFileReference; fileEncoding = 4; lastKnownFileType = sourcecode.cpp.cpp; path = ofxOscMessage.cpp; sourceTree = "<group>"; };
		EAADFEC01573D87E00D4F6AB /* ofxOscMessage.h */ = {isa = PBXFileReference; fileEncoding = 4; lastKnownFileType = sourcecode.c.h; path = ofxOscMessage.h; sourceTree = "<group>"; };
		EAADFEC11573D87E00D4F6AB /* ofxOscReceiver.cpp */ = {isa = PBXFileReference; fileEncoding = 4; lastKnownFileType = sourcecode.cpp.cpp; path = ofxOscReceiver.cpp; sourceTree = "<group>"; };
		EAADFEC21573D87E00D4F6AB /* ofxOscReceiver.h */ = {isa = PBXFileReference; fileEncoding = 4; lastKnownFileType = sourcecode.c.h; path = ofxOscReceiver.h; sourceTree = "<group>"; };
		EAADFEC31573D87E00D4F6AB /* ofxOscSender.cpp */ = {isa = PBXFileReference; fileEncoding = 4; lastKnownFileType = sourcecode.cpp.cpp; path = ofxOscSender.cpp; sourceTree = "<group>"; };
		EAADFEC41573D87E00D4F6AB /* ofxOscSender.h */ = {isa = PBXFileReference; fileEncoding = 4; lastKnownFileType = sourcecode.c.h; path = ofxOscSender.h; sourceTree = "<group>"; };
		EAEDDD051566B8C40016A7F7 /* ofxSettings.cpp */ = {isa = PBXFileReference; fileEncoding = 4; lastKnownFileType = sourcecode.cpp.cpp; path = ofxSettings.cpp; sourceTree = "<group>"; };
		EAEDDD061566B8C40016A7F7 /* ofxSettings.h */ = {isa = PBXFileReference; fileEncoding = 4; lastKnownFileType = sourcecode.c.h; path = ofxSettings.h; sourceTree = "<group>"; };
/* End PBXFileReference section */

/* Begin PBXFrameworksBuildPhase section */
		E4B69B590A3A1756003C02F2 /* Frameworks */ = {
			isa = PBXFrameworksBuildPhase;
			buildActionMask = 2147483647;
			files = (
				EAAA18D31547545100F86842 /* CoreMIDI.framework in Frameworks */,
				E4EB6799138ADC1D00A09F29 /* GLUT.framework in Frameworks */,
				E4328149138ABC9F0047C5CB /* openFrameworksDebug.a in Frameworks */,
				E45BE97B0E8CC7DD009D7055 /* AGL.framework in Frameworks */,
				E45BE97C0E8CC7DD009D7055 /* ApplicationServices.framework in Frameworks */,
				E45BE97D0E8CC7DD009D7055 /* AudioToolbox.framework in Frameworks */,
				E45BE97E0E8CC7DD009D7055 /* Carbon.framework in Frameworks */,
				E45BE97F0E8CC7DD009D7055 /* CoreAudio.framework in Frameworks */,
				E45BE9800E8CC7DD009D7055 /* CoreFoundation.framework in Frameworks */,
				E45BE9810E8CC7DD009D7055 /* CoreServices.framework in Frameworks */,
				E45BE9830E8CC7DD009D7055 /* OpenGL.framework in Frameworks */,
				E45BE9840E8CC7DD009D7055 /* QuickTime.framework in Frameworks */,
				E4C2424710CC5A17004149E2 /* AppKit.framework in Frameworks */,
				E4C2424810CC5A17004149E2 /* Cocoa.framework in Frameworks */,
				E4C2424910CC5A17004149E2 /* IOKit.framework in Frameworks */,
			);
			runOnlyForDeploymentPostprocessing = 0;
		};
/* End PBXFrameworksBuildPhase section */

/* Begin PBXGroup section */
		BB4B014C10F69532006C3DED /* addons */ = {
			isa = PBXGroup;
			children = (
				EAADFE9B1573D87E00D4F6AB /* ofxOsc */,
				EAEDDD041566B8C40016A7F7 /* ofxSettings */,
				EAAA188315474BFF00F86842 /* ofxXmlSettings */,
				EAAA188D15474BFF00F86842 /* xmlgui */,
				EAAA187215474BED00F86842 /* ofxMidi */,
			);
			name = addons;
			sourceTree = "<group>";
		};
		BBAB23C913894ECA00AA2426 /* system frameworks */ = {
			isa = PBXGroup;
			children = (
				E4C2424410CC5A17004149E2 /* AppKit.framework */,
				E4C2424510CC5A17004149E2 /* Cocoa.framework */,
				E4C2424610CC5A17004149E2 /* IOKit.framework */,
				E45BE9710E8CC7DD009D7055 /* AGL.framework */,
				E45BE9720E8CC7DD009D7055 /* ApplicationServices.framework */,
				E45BE9730E8CC7DD009D7055 /* AudioToolbox.framework */,
				E45BE9740E8CC7DD009D7055 /* Carbon.framework */,
				E45BE9750E8CC7DD009D7055 /* CoreAudio.framework */,
				E45BE9760E8CC7DD009D7055 /* CoreFoundation.framework */,
				E45BE9770E8CC7DD009D7055 /* CoreServices.framework */,
				E45BE9790E8CC7DD009D7055 /* OpenGL.framework */,
				E45BE97A0E8CC7DD009D7055 /* QuickTime.framework */,
			);
			name = "system frameworks";
			sourceTree = "<group>";
		};
		BBAB23CA13894EDB00AA2426 /* 3rd party frameworks */ = {
			isa = PBXGroup;
			children = (
				BBAB23BE13894E4700AA2426 /* GLUT.framework */,
			);
			name = "3rd party frameworks";
			sourceTree = "<group>";
		};
		E4328144138ABC890047C5CB /* Products */ = {
			isa = PBXGroup;
			children = (
				E4328148138ABC890047C5CB /* openFrameworksDebug.a */,
			);
			name = Products;
			sourceTree = "<group>";
		};
		E45BE5980E8CC70C009D7055 /* frameworks */ = {
			isa = PBXGroup;
			children = (
				BBAB23CA13894EDB00AA2426 /* 3rd party frameworks */,
				BBAB23C913894ECA00AA2426 /* system frameworks */,
			);
			name = frameworks;
			sourceTree = "<group>";
		};
		E4B69B4A0A3A1720003C02F2 = {
			isa = PBXGroup;
			children = (
				EAAA18D21547545100F86842 /* CoreMIDI.framework */,
				E4B6FCAD0C3E899E008CF71C /* openFrameworks-Info.plist */,
				E4EB6923138AFD0F00A09F29 /* Project.xcconfig */,
				E4B69E1C0A3A1BDC003C02F2 /* src */,
				E4EEC9E9138DF44700A80321 /* openFrameworks */,
				BB4B014C10F69532006C3DED /* addons */,
				E45BE5980E8CC70C009D7055 /* frameworks */,
				E4B69B5B0A3A1756003C02F2 /* SensorMidiDebug.app */,
			);
			sourceTree = "<group>";
		};
		E4B69E1C0A3A1BDC003C02F2 /* src */ = {
			isa = PBXGroup;
			children = (
				E4B69E1D0A3A1BDC003C02F2 /* main.cpp */,
				E4B69E1E0A3A1BDC003C02F2 /* testApp.cpp */,
				EAA1CB6F155BCE63002F3F6B /* MixingDesk.h */,
				E4B69E1F0A3A1BDC003C02F2 /* testApp.h */,
			);
			path = src;
			sourceTree = SOURCE_ROOT;
		};
		E4EEC9E9138DF44700A80321 /* openFrameworks */ = {
			isa = PBXGroup;
			children = (
				E4EB691F138AFCF100A09F29 /* CoreOF.xcconfig */,
				E4328143138ABC890047C5CB /* openFrameworksLib.xcodeproj */,
			);
			name = openFrameworks;
			sourceTree = "<group>";
		};
		EAAA187215474BED00F86842 /* ofxMidi */ = {
			isa = PBXGroup;
			children = (
				EAAA187315474BED00F86842 /* install.xml */,
				EAAA187415474BED00F86842 /* libs */,
				EAAA187815474BED00F86842 /* src */,
			);
			name = ofxMidi;
			path = ../../../addons/ofxMidi;
			sourceTree = "<group>";
		};
		EAAA187415474BED00F86842 /* libs */ = {
			isa = PBXGroup;
			children = (
				EAAA187515474BED00F86842 /* RtError.h */,
				EAAA187615474BED00F86842 /* RtMidi.cpp */,
				EAAA187715474BED00F86842 /* RtMidi.h */,
			);
			path = libs;
			sourceTree = "<group>";
		};
		EAAA187815474BED00F86842 /* src */ = {
			isa = PBXGroup;
			children = (
				EAAA187915474BED00F86842 /* ofxMidi.h */,
				EAAA187A15474BED00F86842 /* ofxMidiConstants.h */,
				EAAA187B15474BED00F86842 /* ofxMidiEvents.h */,
				EAAA187C15474BED00F86842 /* ofxMidiIn.cpp */,
				EAAA187D15474BED00F86842 /* ofxMidiIn.h */,
				EAAA187E15474BED00F86842 /* ofxMidiOut.cpp */,
				EAAA187F15474BED00F86842 /* ofxMidiOut.h */,
			);
			path = src;
			sourceTree = "<group>";
		};
		EAAA188315474BFF00F86842 /* ofxXmlSettings */ = {
			isa = PBXGroup;
			children = (
				EAAA188515474BFF00F86842 /* libs */,
				EAAA188A15474BFF00F86842 /* src */,
			);
			name = ofxXmlSettings;
			path = ../../../addons/ofxXmlSettings;
			sourceTree = "<group>";
		};
		EAAA188515474BFF00F86842 /* libs */ = {
			isa = PBXGroup;
			children = (
				EAAA188615474BFF00F86842 /* tinyxml.cpp */,
				EAAA188715474BFF00F86842 /* tinyxml.h */,
				EAAA188815474BFF00F86842 /* tinyxmlerror.cpp */,
				EAAA188915474BFF00F86842 /* tinyxmlparser.cpp */,
			);
			path = libs;
			sourceTree = "<group>";
		};
		EAAA188A15474BFF00F86842 /* src */ = {
			isa = PBXGroup;
			children = (
				EAAA188B15474BFF00F86842 /* ofxXmlSettings.cpp */,
				EAAA188C15474BFF00F86842 /* ofxXmlSettings.h */,
			);
			path = src;
			sourceTree = "<group>";
		};
		EAAA188D15474BFF00F86842 /* xmlgui */ = {
			isa = PBXGroup;
			children = (
				EAAA188E15474BFF00F86842 /* container */,
				EAAA189015474BFF00F86842 /* controls */,
				EAAA18B315474BFF00F86842 /* framework */,
			);
			name = xmlgui;
			path = ../../../addons/xmlgui;
			sourceTree = "<group>";
		};
		EAAA188E15474BFF00F86842 /* container */ = {
			isa = PBXGroup;
			children = (
				EAAA188F15474BFF00F86842 /* SimpleGui.h */,
			);
			path = container;
			sourceTree = "<group>";
		};
		EAAA189015474BFF00F86842 /* controls */ = {
			isa = PBXGroup;
			children = (
				EAAA189115474BFF00F86842 /* ColorPicker.h */,
				EAAA189215474BFF00F86842 /* Contour.h */,
				EAAA189315474BFF00F86842 /* DoubleField.h */,
				EAAA189415474BFF00F86842 /* Drawable.h */,
				EAAA189515474BFF00F86842 /* FileField.h */,
				EAAA189615474BFF00F86842 /* FloatField.h */,
				EAAA189715474BFF00F86842 /* FPSCounter.h */,
				EAAA189815474BFF00F86842 /* Grid.h */,
				EA4CDBA1157FA23600311B76 /* SliderBank.h */,
				EAAA189915474BFF00F86842 /* IntField.h */,
				EAAA189A15474BFF00F86842 /* IntSlider.h */,
				EAAA189B15474BFF00F86842 /* Keyboard.h */,
				EAAA189C15474BFF00F86842 /* Knob.h */,
				EAAA189D15474BFF00F86842 /* LabeledControl.h */,
				EAAA189E15474BFF00F86842 /* List.h */,
				EAAA189F15474BFF00F86842 /* Menu.h */,
				EAAA18A015474BFF00F86842 /* MenuBar.h */,
				EAAA18A115474BFF00F86842 /* MenuItem.h */,
				EAAA18A215474BFF00F86842 /* Meter.h */,
				EAAA18A315474BFF00F86842 /* Pane.h */,
				EAAA18A415474BFF00F86842 /* Panner.h */,
				EAAA18A515474BFF00F86842 /* PushButton.h */,
				EAAA18A615474BFF00F86842 /* SegmentedControl.h */,
				EAAA18A715474BFF00F86842 /* Slider.h */,
				EAAA18A815474BFF00F86842 /* Slider2D.h */,
				EAAA18A915474BFF00F86842 /* Text.h */,
				EAAA18AA15474BFF00F86842 /* TextField.h */,
				EAAA18AB15474BFF00F86842 /* Title.h */,
				EAAA18AC15474BFF00F86842 /* Toggle.h */,
				EAAA18AD15474BFF00F86842 /* VU.h */,
			);
			path = controls;
			sourceTree = "<group>";
		};
		EAAA18B315474BFF00F86842 /* framework */ = {
			isa = PBXGroup;
			children = (
				EAAA18B415474BFF00F86842 /* Container.cpp */,
				EAAA18B515474BFF00F86842 /* Container.h */,
				EAAA18B615474BFF00F86842 /* Control.cpp */,
				EAAA18B715474BFF00F86842 /* Control.h */,
				EAAA18B815474BFF00F86842 /* Controls.cpp */,
				EAAA18B915474BFF00F86842 /* GridSequence.h */,
				EAAA18BA15474BFF00F86842 /* Gui.cpp */,
				EAAA18BB15474BFF00F86842 /* Gui.h */,
				EAAA18BC15474BFF00F86842 /* Instantiator.cpp */,
				EAAA18BD15474BFF00F86842 /* Instantiator.h */,
				EAAA18BE15474BFF00F86842 /* Listener.h */,
				EAAA18BF15474BFF00F86842 /* ofGuiEventDispatcher.cpp */,
				EAAA18C015474BFF00F86842 /* ofGuiEventDispatcher.h */,
				EAAA18C115474BFF00F86842 /* ofxXmlGui.h */,
				EAAA18C215474BFF00F86842 /* ParameterInfo.h */,
				EAAA18C315474BFF00F86842 /* Resources.cpp */,
				EAAA18C415474BFF00F86842 /* Resources.h */,
			);
			path = framework;
			sourceTree = "<group>";
		};
		EAADFE9B1573D87E00D4F6AB /* ofxOsc */ = {
			isa = PBXGroup;
			children = (
				EAADFE9C1573D87E00D4F6AB /* install.xml */,
				EAADFE9D1573D87E00D4F6AB /* libs */,
				EAADFEBA1573D87E00D4F6AB /* src */,
			);
			name = ofxOsc;
			path = ../../../addons/ofxOsc;
			sourceTree = "<group>";
		};
		EAADFE9D1573D87E00D4F6AB /* libs */ = {
			isa = PBXGroup;
			children = (
				EAADFE9E1573D87E00D4F6AB /* oscpack */,
			);
			path = libs;
			sourceTree = "<group>";
		};
		EAADFE9E1573D87E00D4F6AB /* oscpack */ = {
			isa = PBXGroup;
			children = (
				EAADFE9F1573D87E00D4F6AB /* src */,
			);
			path = oscpack;
			sourceTree = "<group>";
		};
		EAADFE9F1573D87E00D4F6AB /* src */ = {
			isa = PBXGroup;
			children = (
				EAADFEA01573D87E00D4F6AB /* ip */,
				EAADFEAD1573D87E00D4F6AB /* osc */,
			);
			path = src;
			sourceTree = "<group>";
		};
		EAADFEA01573D87E00D4F6AB /* ip */ = {
			isa = PBXGroup;
			children = (
				EAADFEA11573D87E00D4F6AB /* IpEndpointName.cpp */,
				EAADFEA21573D87E00D4F6AB /* IpEndpointName.h */,
				EAADFEA31573D87E00D4F6AB /* NetworkingUtils.h */,
				EAADFEA41573D87E00D4F6AB /* PacketListener.h */,
				EAADFEA51573D87E00D4F6AB /* posix */,
				EAADFEA81573D87E00D4F6AB /* TimerListener.h */,
				EAADFEA91573D87E00D4F6AB /* UdpSocket.h */,
				EAADFEAA1573D87E00D4F6AB /* win32 */,
			);
			path = ip;
			sourceTree = "<group>";
		};
		EAADFEA51573D87E00D4F6AB /* posix */ = {
			isa = PBXGroup;
			children = (
				EAADFEA61573D87E00D4F6AB /* NetworkingUtils.cpp */,
				EAADFEA71573D87E00D4F6AB /* UdpSocket.cpp */,
			);
			path = posix;
			sourceTree = "<group>";
		};
		EAADFEAA1573D87E00D4F6AB /* win32 */ = {
			isa = PBXGroup;
			children = (
				EAADFEAB1573D87E00D4F6AB /* NetworkingUtilsWin.cpp */,
				EAADFEAC1573D87E00D4F6AB /* UdpSocketWin.cpp */,
			);
			path = win32;
			sourceTree = "<group>";
		};
		EAADFEAD1573D87E00D4F6AB /* osc */ = {
			isa = PBXGroup;
			children = (
				EAADFEAE1573D87E00D4F6AB /* MessageMappingOscPacketListener.h */,
				EAADFEAF1573D87E00D4F6AB /* OscException.h */,
				EAADFEB01573D87E00D4F6AB /* OscHostEndianness.h */,
				EAADFEB11573D87E00D4F6AB /* OscOutboundPacketStream.cpp */,
				EAADFEB21573D87E00D4F6AB /* OscOutboundPacketStream.h */,
				EAADFEB31573D87E00D4F6AB /* OscPacketListener.h */,
				EAADFEB41573D87E00D4F6AB /* OscPrintReceivedElements.cpp */,
				EAADFEB51573D87E00D4F6AB /* OscPrintReceivedElements.h */,
				EAADFEB61573D87E00D4F6AB /* OscReceivedElements.cpp */,
				EAADFEB71573D87E00D4F6AB /* OscReceivedElements.h */,
				EAADFEB81573D87E00D4F6AB /* OscTypes.cpp */,
				EAADFEB91573D87E00D4F6AB /* OscTypes.h */,
			);
			path = osc;
			sourceTree = "<group>";
		};
		EAADFEBA1573D87E00D4F6AB /* src */ = {
			isa = PBXGroup;
			children = (
				EAADFEBB1573D87E00D4F6AB /* ofxOsc.h */,
				EAADFEBC1573D87E00D4F6AB /* ofxOscArg.h */,
				EAADFEBD1573D87E00D4F6AB /* ofxOscBundle.cpp */,
				EAADFEBE1573D87E00D4F6AB /* ofxOscBundle.h */,
				EAADFEBF1573D87E00D4F6AB /* ofxOscMessage.cpp */,
				EAADFEC01573D87E00D4F6AB /* ofxOscMessage.h */,
				EAADFEC11573D87E00D4F6AB /* ofxOscReceiver.cpp */,
				EAADFEC21573D87E00D4F6AB /* ofxOscReceiver.h */,
				EAADFEC31573D87E00D4F6AB /* ofxOscSender.cpp */,
				EAADFEC41573D87E00D4F6AB /* ofxOscSender.h */,
			);
			path = src;
			sourceTree = "<group>";
		};
		EAEDDD041566B8C40016A7F7 /* ofxSettings */ = {
			isa = PBXGroup;
			children = (
				EAEDDD051566B8C40016A7F7 /* ofxSettings.cpp */,
				EAEDDD061566B8C40016A7F7 /* ofxSettings.h */,
			);
			name = ofxSettings;
			path = ../../../addons/ofxSettings;
			sourceTree = "<group>";
		};
/* End PBXGroup section */

/* Begin PBXNativeTarget section */
		E4B69B5A0A3A1756003C02F2 /* SensorMidi */ = {
			isa = PBXNativeTarget;
			buildConfigurationList = E4B69B5F0A3A1757003C02F2 /* Build configuration list for PBXNativeTarget "SensorMidi" */;
			buildPhases = (
				E4B69B580A3A1756003C02F2 /* Sources */,
				E4B69B590A3A1756003C02F2 /* Frameworks */,
				E4B6FFFD0C3F9AB9008CF71C /* ShellScript */,
				E4C2427710CC5ABF004149E2 /* CopyFiles */,
			);
			buildRules = (
			);
			dependencies = (
				E4EEB9AC138B136A00A80321 /* PBXTargetDependency */,
			);
			name = SensorMidi;
			productName = myOFApp;
			productReference = E4B69B5B0A3A1756003C02F2 /* SensorMidiDebug.app */;
			productType = "com.apple.product-type.application";
		};
/* End PBXNativeTarget section */

/* Begin PBXProject section */
		E4B69B4C0A3A1720003C02F2 /* Project object */ = {
			isa = PBXProject;
			buildConfigurationList = E4B69B4D0A3A1720003C02F2 /* Build configuration list for PBXProject "SensorMidi" */;
			compatibilityVersion = "Xcode 2.4";
			developmentRegion = English;
			hasScannedForEncodings = 0;
			knownRegions = (
				English,
				Japanese,
				French,
				German,
			);
			mainGroup = E4B69B4A0A3A1720003C02F2;
			productRefGroup = E4B69B4A0A3A1720003C02F2;
			projectDirPath = "";
			projectReferences = (
				{
					ProductGroup = E4328144138ABC890047C5CB /* Products */;
					ProjectRef = E4328143138ABC890047C5CB /* openFrameworksLib.xcodeproj */;
				},
			);
			projectRoot = "";
			targets = (
				E4B69B5A0A3A1756003C02F2 /* SensorMidi */,
			);
		};
/* End PBXProject section */

/* Begin PBXReferenceProxy section */
		E4328148138ABC890047C5CB /* openFrameworksDebug.a */ = {
			isa = PBXReferenceProxy;
			fileType = archive.ar;
			path = openFrameworksDebug.a;
			remoteRef = E4328147138ABC890047C5CB /* PBXContainerItemProxy */;
			sourceTree = BUILT_PRODUCTS_DIR;
		};
/* End PBXReferenceProxy section */

/* Begin PBXShellScriptBuildPhase section */
		E4B6FFFD0C3F9AB9008CF71C /* ShellScript */ = {
			isa = PBXShellScriptBuildPhase;
			buildActionMask = 2147483647;
			files = (
			);
			inputPaths = (
			);
			outputPaths = (
			);
			runOnlyForDeploymentPostprocessing = 0;
			shellPath = /bin/sh;
			shellScript = "cp -f ../../../libs/fmodex/lib/osx/libfmodex.dylib \"$TARGET_BUILD_DIR/$PRODUCT_NAME.app/Contents/MacOS/libfmodex.dylib\"; install_name_tool -change ./libfmodex.dylib @executable_path/libfmodex.dylib \"$TARGET_BUILD_DIR/$PRODUCT_NAME.app/Contents/MacOS/$PRODUCT_NAME\";";
		};
/* End PBXShellScriptBuildPhase section */

/* Begin PBXSourcesBuildPhase section */
		E4B69B580A3A1756003C02F2 /* Sources */ = {
			isa = PBXSourcesBuildPhase;
			buildActionMask = 2147483647;
			files = (
				E4B69E200A3A1BDC003C02F2 /* main.cpp in Sources */,
				E4B69E210A3A1BDC003C02F2 /* testApp.cpp in Sources */,
				EAAA188015474BED00F86842 /* RtMidi.cpp in Sources */,
				EAAA188115474BED00F86842 /* ofxMidiIn.cpp in Sources */,
				EAAA188215474BED00F86842 /* ofxMidiOut.cpp in Sources */,
				EAAA18C515474BFF00F86842 /* tinyxml.cpp in Sources */,
				EAAA18C615474BFF00F86842 /* tinyxmlerror.cpp in Sources */,
				EAAA18C715474BFF00F86842 /* tinyxmlparser.cpp in Sources */,
				EAAA18C815474BFF00F86842 /* ofxXmlSettings.cpp in Sources */,
				EAAA18CB15474BFF00F86842 /* Container.cpp in Sources */,
				EAAA18CC15474BFF00F86842 /* Control.cpp in Sources */,
				EAAA18CD15474BFF00F86842 /* Controls.cpp in Sources */,
				EAAA18CE15474BFF00F86842 /* Gui.cpp in Sources */,
				EAAA18CF15474BFF00F86842 /* Instantiator.cpp in Sources */,
				EAAA18D015474BFF00F86842 /* ofGuiEventDispatcher.cpp in Sources */,
				EAAA18D115474BFF00F86842 /* Resources.cpp in Sources */,
				EAEDDD071566B8C40016A7F7 /* ofxSettings.cpp in Sources */,
				EAADFEC51573D87E00D4F6AB /* IpEndpointName.cpp in Sources */,
				EAADFEC61573D87E00D4F6AB /* NetworkingUtils.cpp in Sources */,
				EAADFEC71573D87E00D4F6AB /* UdpSocket.cpp in Sources */,
				EAADFEC81573D87E00D4F6AB /* NetworkingUtilsWin.cpp in Sources */,
				EAADFEC91573D87E00D4F6AB /* UdpSocketWin.cpp in Sources */,
				EAADFECA1573D87E00D4F6AB /* OscOutboundPacketStream.cpp in Sources */,
				EAADFECB1573D87E00D4F6AB /* OscPrintReceivedElements.cpp in Sources */,
				EAADFECC1573D87E00D4F6AB /* OscReceivedElements.cpp in Sources */,
				EAADFECD1573D87E00D4F6AB /* OscTypes.cpp in Sources */,
				EAADFECE1573D87F00D4F6AB /* ofxOscBundle.cpp in Sources */,
				EAADFECF1573D87F00D4F6AB /* ofxOscMessage.cpp in Sources */,
				EAADFED01573D87F00D4F6AB /* ofxOscReceiver.cpp in Sources */,
				EAADFED11573D87F00D4F6AB /* ofxOscSender.cpp in Sources */,
			);
			runOnlyForDeploymentPostprocessing = 0;
		};
/* End PBXSourcesBuildPhase section */

/* Begin PBXTargetDependency section */
		E4EEB9AC138B136A00A80321 /* PBXTargetDependency */ = {
			isa = PBXTargetDependency;
			name = openFrameworks;
			targetProxy = E4EEB9AB138B136A00A80321 /* PBXContainerItemProxy */;
		};
/* End PBXTargetDependency section */

/* Begin XCBuildConfiguration section */
		E4B69B4E0A3A1720003C02F2 /* Debug */ = {
			isa = XCBuildConfiguration;
			baseConfigurationReference = E4EB6923138AFD0F00A09F29 /* Project.xcconfig */;
			buildSettings = {
				ARCHS = "$(NATIVE_ARCH)";
				CONFIGURATION_BUILD_DIR = "$(SRCROOT)/bin/";
				COPY_PHASE_STRIP = NO;
				DEAD_CODE_STRIPPING = YES;
				GCC_AUTO_VECTORIZATION = YES;
				GCC_ENABLE_SSE3_EXTENSIONS = YES;
				GCC_ENABLE_SUPPLEMENTAL_SSE3_INSTRUCTIONS = YES;
				GCC_INLINES_ARE_PRIVATE_EXTERN = NO;
				GCC_MODEL_TUNING = G5;
				GCC_SYMBOLS_PRIVATE_EXTERN = NO;
				GCC_WARN_ABOUT_DEPRECATED_FUNCTIONS = NO;
				GCC_WARN_ABOUT_INVALID_OFFSETOF_MACRO = NO;
				GCC_WARN_ALLOW_INCOMPLETE_PROTOCOL = NO;
				GCC_WARN_UNINITIALIZED_AUTOS = NO;
				GCC_WARN_UNUSED_VALUE = NO;
				GCC_WARN_UNUSED_VARIABLE = NO;
				OTHER_CPLUSPLUSFLAGS = (
					"-D__MACOSX_CORE__",
					"-lpthread",
				);
			};
			name = Debug;
		};
		E4B69B4F0A3A1720003C02F2 /* Release */ = {
			isa = XCBuildConfiguration;
			baseConfigurationReference = E4EB6923138AFD0F00A09F29 /* Project.xcconfig */;
			buildSettings = {
				ARCHS = "$(NATIVE_ARCH)";
				CONFIGURATION_BUILD_DIR = "$(SRCROOT)/bin/";
				COPY_PHASE_STRIP = YES;
				DEAD_CODE_STRIPPING = YES;
				GCC_AUTO_VECTORIZATION = YES;
				GCC_ENABLE_SSE3_EXTENSIONS = YES;
				GCC_ENABLE_SUPPLEMENTAL_SSE3_INSTRUCTIONS = YES;
				GCC_INLINES_ARE_PRIVATE_EXTERN = NO;
				GCC_MODEL_TUNING = G5;
				GCC_OPTIMIZATION_LEVEL = 3;
				GCC_SYMBOLS_PRIVATE_EXTERN = NO;
				GCC_UNROLL_LOOPS = YES;
				GCC_WARN_ABOUT_DEPRECATED_FUNCTIONS = NO;
				GCC_WARN_ABOUT_INVALID_OFFSETOF_MACRO = NO;
				GCC_WARN_ALLOW_INCOMPLETE_PROTOCOL = NO;
				GCC_WARN_UNINITIALIZED_AUTOS = NO;
				GCC_WARN_UNUSED_VALUE = NO;
				GCC_WARN_UNUSED_VARIABLE = NO;
				OTHER_CPLUSPLUSFLAGS = (
					"-D__MACOSX_CORE__",
					"-lpthread",
				);
			};
			name = Release;
		};
		E4B69B600A3A1757003C02F2 /* Debug */ = {
			isa = XCBuildConfiguration;
			buildSettings = {
				COPY_PHASE_STRIP = NO;
				FRAMEWORK_SEARCH_PATHS = (
					"$(inherited)",
					"$(FRAMEWORK_SEARCH_PATHS_QUOTED_FOR_TARGET_1)",
				);
				FRAMEWORK_SEARCH_PATHS_QUOTED_FOR_TARGET_1 = "\"$(SRCROOT)/../../../libs/glut/lib/osx\"";
				GCC_DYNAMIC_NO_PIC = NO;
				GCC_ENABLE_FIX_AND_CONTINUE = YES;
				GCC_GENERATE_DEBUGGING_SYMBOLS = YES;
				GCC_MODEL_TUNING = G4;
				GCC_PRECOMPILE_PREFIX_HEADER = YES;
				GCC_PREFIX_HEADER = "$(SYSTEM_LIBRARY_DIR)/Frameworks/Carbon.framework/Headers/Carbon.h";
				INFOPLIST_FILE = "openFrameworks-Info.plist";
				INSTALL_PATH = "$(HOME)/Applications";
				LIBRARY_SEARCH_PATHS = (
					"$(inherited)",
					"$(LIBRARY_SEARCH_PATHS_QUOTED_FOR_TARGET_1)",
					"$(LIBRARY_SEARCH_PATHS_QUOTED_FOR_TARGET_2)",
					"$(LIBRARY_SEARCH_PATHS_QUOTED_FOR_TARGET_3)",
					"$(LIBRARY_SEARCH_PATHS_QUOTED_FOR_TARGET_4)",
					"$(LIBRARY_SEARCH_PATHS_QUOTED_FOR_TARGET_5)",
					"$(LIBRARY_SEARCH_PATHS_QUOTED_FOR_TARGET_6)",
					"$(LIBRARY_SEARCH_PATHS_QUOTED_FOR_TARGET_7)",
					"$(LIBRARY_SEARCH_PATHS_QUOTED_FOR_TARGET_8)",
					"$(LIBRARY_SEARCH_PATHS_QUOTED_FOR_TARGET_9)",
					"$(LIBRARY_SEARCH_PATHS_QUOTED_FOR_TARGET_10)",
					"$(LIBRARY_SEARCH_PATHS_QUOTED_FOR_TARGET_11)",
					"$(LIBRARY_SEARCH_PATHS_QUOTED_FOR_TARGET_12)",
					"$(LIBRARY_SEARCH_PATHS_QUOTED_FOR_TARGET_13)",
					"$(LIBRARY_SEARCH_PATHS_QUOTED_FOR_TARGET_14)",
					"$(LIBRARY_SEARCH_PATHS_QUOTED_FOR_TARGET_15)",
					"$(LIBRARY_SEARCH_PATHS_QUOTED_FOR_TARGET_2)",
					"$(LIBRARY_SEARCH_PATHS_QUOTED_FOR_TARGET_3)",
					"$(LIBRARY_SEARCH_PATHS_QUOTED_FOR_TARGET_7)",
					"$(LIBRARY_SEARCH_PATHS_QUOTED_FOR_TARGET_8)",
					"$(LIBRARY_SEARCH_PATHS_QUOTED_FOR_TARGET_9)",
					"$(LIBRARY_SEARCH_PATHS_QUOTED_FOR_TARGET_10)",
					"$(LIBRARY_SEARCH_PATHS_QUOTED_FOR_TARGET_11)",
					"$(LIBRARY_SEARCH_PATHS_QUOTED_FOR_TARGET_12)",
					"$(LIBRARY_SEARCH_PATHS_QUOTED_FOR_TARGET_13)",
					"$(LIBRARY_SEARCH_PATHS_QUOTED_FOR_TARGET_16)",
					"$(LIBRARY_SEARCH_PATHS_QUOTED_FOR_TARGET_17)",
					"$(LIBRARY_SEARCH_PATHS_QUOTED_FOR_TARGET_18)",
					"$(LIBRARY_SEARCH_PATHS_QUOTED_FOR_TARGET_19)",
					"$(LIBRARY_SEARCH_PATHS_QUOTED_FOR_TARGET_20)",
					"$(LIBRARY_SEARCH_PATHS_QUOTED_FOR_TARGET_21)",
					"$(LIBRARY_SEARCH_PATHS_QUOTED_FOR_TARGET_22)",
					"$(LIBRARY_SEARCH_PATHS_QUOTED_FOR_TARGET_23)",
					"$(LIBRARY_SEARCH_PATHS_QUOTED_FOR_TARGET_24)",
					"$(LIBRARY_SEARCH_PATHS_QUOTED_FOR_TARGET_25)",
					"$(LIBRARY_SEARCH_PATHS_QUOTED_FOR_TARGET_26)",
					"$(LIBRARY_SEARCH_PATHS_QUOTED_FOR_TARGET_27)",
					"$(LIBRARY_SEARCH_PATHS_QUOTED_FOR_TARGET_28)",
					"$(LIBRARY_SEARCH_PATHS_QUOTED_FOR_TARGET_29)",
					"$(LIBRARY_SEARCH_PATHS_QUOTED_FOR_TARGET_30)",
					"$(LIBRARY_SEARCH_PATHS_QUOTED_FOR_TARGET_31)",
					"$(LIBRARY_SEARCH_PATHS_QUOTED_FOR_TARGET_32)",
					"$(LIBRARY_SEARCH_PATHS_QUOTED_FOR_TARGET_33)",
					"$(LIBRARY_SEARCH_PATHS_QUOTED_FOR_TARGET_34)",
					"$(LIBRARY_SEARCH_PATHS_QUOTED_FOR_TARGET_35)",
					"$(LIBRARY_SEARCH_PATHS_QUOTED_FOR_TARGET_36)",
					"$(LIBRARY_SEARCH_PATHS_QUOTED_FOR_TARGET_37)",
					"$(LIBRARY_SEARCH_PATHS_QUOTED_FOR_TARGET_38)",
					"$(LIBRARY_SEARCH_PATHS_QUOTED_FOR_TARGET_39)",
					"$(LIBRARY_SEARCH_PATHS_QUOTED_FOR_TARGET_40)",
					"$(LIBRARY_SEARCH_PATHS_QUOTED_FOR_TARGET_41)",
					"$(LIBRARY_SEARCH_PATHS_QUOTED_FOR_TARGET_42)",
					"$(LIBRARY_SEARCH_PATHS_QUOTED_FOR_TARGET_43)",
					"$(LIBRARY_SEARCH_PATHS_QUOTED_FOR_TARGET_44)",
					"$(LIBRARY_SEARCH_PATHS_QUOTED_FOR_TARGET_45)",
					"$(LIBRARY_SEARCH_PATHS_QUOTED_FOR_TARGET_46)",
					"$(LIBRARY_SEARCH_PATHS_QUOTED_FOR_TARGET_47)",
					"$(LIBRARY_SEARCH_PATHS_QUOTED_FOR_TARGET_48)",
					"$(LIBRARY_SEARCH_PATHS_QUOTED_FOR_TARGET_49)",
					"$(LIBRARY_SEARCH_PATHS_QUOTED_FOR_TARGET_50)",
					"$(LIBRARY_SEARCH_PATHS_QUOTED_FOR_TARGET_51)",
					"$(LIBRARY_SEARCH_PATHS_QUOTED_FOR_TARGET_52)",
					"$(LIBRARY_SEARCH_PATHS_QUOTED_FOR_TARGET_1)",
					"$(LIBRARY_SEARCH_PATHS_QUOTED_FOR_TARGET_2)",
					"$(LIBRARY_SEARCH_PATHS_QUOTED_FOR_TARGET_3)",
					"$(LIBRARY_SEARCH_PATHS_QUOTED_FOR_TARGET_4)",
					"$(LIBRARY_SEARCH_PATHS_QUOTED_FOR_TARGET_5)",
					"$(LIBRARY_SEARCH_PATHS_QUOTED_FOR_TARGET_6)",
					"$(LIBRARY_SEARCH_PATHS_QUOTED_FOR_TARGET_7)",
					"$(LIBRARY_SEARCH_PATHS_QUOTED_FOR_TARGET_8)",
				);
				LIBRARY_SEARCH_PATHS_QUOTED_FOR_TARGET_1 = "\"$(SRCROOT)/../../../addons/ofxOsc/libs/oscpack/lib/android/arm7\"";
				LIBRARY_SEARCH_PATHS_QUOTED_FOR_TARGET_2 = "\"$(SRCROOT)/../../../addons/ofxOsc/libs/oscpack/lib/android\"";
				LIBRARY_SEARCH_PATHS_QUOTED_FOR_TARGET_3 = "\"$(SRCROOT)/../../../addons/ofxOsc/libs/oscpack/lib/iphone\"";
				LIBRARY_SEARCH_PATHS_QUOTED_FOR_TARGET_4 = "\"$(SRCROOT)/../../../addons/ofxOsc/libs/oscpack/lib/linux\"";
				LIBRARY_SEARCH_PATHS_QUOTED_FOR_TARGET_5 = "\"$(SRCROOT)/../../../addons/ofxOsc/libs/oscpack/lib/linux64\"";
				LIBRARY_SEARCH_PATHS_QUOTED_FOR_TARGET_6 = "\"$(SRCROOT)/../../../addons/ofxOsc/libs/oscpack/lib/osx\"";
				LIBRARY_SEARCH_PATHS_QUOTED_FOR_TARGET_7 = "\"$(SRCROOT)/../../../addons/ofxOsc/libs/oscpack/lib/vs2010\"";
				LIBRARY_SEARCH_PATHS_QUOTED_FOR_TARGET_8 = "\"$(SRCROOT)/../../../addons/ofxOsc/libs/oscpack/lib/win_cb\"";
				PREBINDING = NO;
				PRODUCT_NAME = SensorMidiDebug;
				SDKROOT = "$(DEVELOPER_SDK_DIR)/MacOSX10.6.sdk";
				WRAPPER_EXTENSION = app;
			};
			name = Debug;
		};
		E4B69B610A3A1757003C02F2 /* Release */ = {
			isa = XCBuildConfiguration;
			buildSettings = {
				COPY_PHASE_STRIP = YES;
				FRAMEWORK_SEARCH_PATHS = (
					"$(inherited)",
					"$(FRAMEWORK_SEARCH_PATHS_QUOTED_FOR_TARGET_1)",
				);
				FRAMEWORK_SEARCH_PATHS_QUOTED_FOR_TARGET_1 = "\"$(SRCROOT)/../../../libs/glut/lib/osx\"";
				GCC_ENABLE_FIX_AND_CONTINUE = NO;
				GCC_GENERATE_DEBUGGING_SYMBOLS = NO;
				GCC_MODEL_TUNING = G4;
				GCC_PRECOMPILE_PREFIX_HEADER = YES;
				GCC_PREFIX_HEADER = "$(SYSTEM_LIBRARY_DIR)/Frameworks/Carbon.framework/Headers/Carbon.h";
				INFOPLIST_FILE = "openFrameworks-Info.plist";
				INSTALL_PATH = "$(HOME)/Applications";
				LIBRARY_SEARCH_PATHS = (
					"$(inherited)",
					"$(LIBRARY_SEARCH_PATHS_QUOTED_FOR_TARGET_1)",
					"$(LIBRARY_SEARCH_PATHS_QUOTED_FOR_TARGET_2)",
					"$(LIBRARY_SEARCH_PATHS_QUOTED_FOR_TARGET_3)",
					"$(LIBRARY_SEARCH_PATHS_QUOTED_FOR_TARGET_4)",
					"$(LIBRARY_SEARCH_PATHS_QUOTED_FOR_TARGET_5)",
					"$(LIBRARY_SEARCH_PATHS_QUOTED_FOR_TARGET_6)",
					"$(LIBRARY_SEARCH_PATHS_QUOTED_FOR_TARGET_7)",
					"$(LIBRARY_SEARCH_PATHS_QUOTED_FOR_TARGET_8)",
					"$(LIBRARY_SEARCH_PATHS_QUOTED_FOR_TARGET_9)",
					"$(LIBRARY_SEARCH_PATHS_QUOTED_FOR_TARGET_10)",
					"$(LIBRARY_SEARCH_PATHS_QUOTED_FOR_TARGET_11)",
					"$(LIBRARY_SEARCH_PATHS_QUOTED_FOR_TARGET_12)",
					"$(LIBRARY_SEARCH_PATHS_QUOTED_FOR_TARGET_13)",
					"$(LIBRARY_SEARCH_PATHS_QUOTED_FOR_TARGET_14)",
					"$(LIBRARY_SEARCH_PATHS_QUOTED_FOR_TARGET_15)",
					"$(LIBRARY_SEARCH_PATHS_QUOTED_FOR_TARGET_2)",
					"$(LIBRARY_SEARCH_PATHS_QUOTED_1)",
					"$(LIBRARY_SEARCH_PATHS_QUOTED_FOR_TARGET_3)",
					"$(LIBRARY_SEARCH_PATHS_QUOTED_FOR_TARGET_7)",
					"$(LIBRARY_SEARCH_PATHS_QUOTED_FOR_TARGET_8)",
					"$(LIBRARY_SEARCH_PATHS_QUOTED_FOR_TARGET_9)",
					"$(LIBRARY_SEARCH_PATHS_QUOTED_FOR_TARGET_10)",
					"$(LIBRARY_SEARCH_PATHS_QUOTED_FOR_TARGET_11)",
					"$(LIBRARY_SEARCH_PATHS_QUOTED_FOR_TARGET_12)",
					"$(LIBRARY_SEARCH_PATHS_QUOTED_FOR_TARGET_13)",
					"$(LIBRARY_SEARCH_PATHS_QUOTED_FOR_TARGET_16)",
					"$(LIBRARY_SEARCH_PATHS_QUOTED_FOR_TARGET_17)",
					"$(LIBRARY_SEARCH_PATHS_QUOTED_FOR_TARGET_18)",
					"$(LIBRARY_SEARCH_PATHS_QUOTED_FOR_TARGET_19)",
					"$(LIBRARY_SEARCH_PATHS_QUOTED_FOR_TARGET_20)",
					"$(LIBRARY_SEARCH_PATHS_QUOTED_FOR_TARGET_21)",
					"$(LIBRARY_SEARCH_PATHS_QUOTED_FOR_TARGET_22)",
					"$(LIBRARY_SEARCH_PATHS_QUOTED_FOR_TARGET_23)",
					"$(LIBRARY_SEARCH_PATHS_QUOTED_FOR_TARGET_24)",
					"$(LIBRARY_SEARCH_PATHS_QUOTED_FOR_TARGET_25)",
					"$(LIBRARY_SEARCH_PATHS_QUOTED_FOR_TARGET_26)",
					"$(LIBRARY_SEARCH_PATHS_QUOTED_FOR_TARGET_27)",
					"$(LIBRARY_SEARCH_PATHS_QUOTED_FOR_TARGET_28)",
					"$(LIBRARY_SEARCH_PATHS_QUOTED_FOR_TARGET_29)",
					"$(LIBRARY_SEARCH_PATHS_QUOTED_FOR_TARGET_30)",
					"$(LIBRARY_SEARCH_PATHS_QUOTED_FOR_TARGET_31)",
					"$(LIBRARY_SEARCH_PATHS_QUOTED_FOR_TARGET_32)",
					"$(LIBRARY_SEARCH_PATHS_QUOTED_FOR_TARGET_33)",
					"$(LIBRARY_SEARCH_PATHS_QUOTED_FOR_TARGET_34)",
					"$(LIBRARY_SEARCH_PATHS_QUOTED_FOR_TARGET_35)",
					"$(LIBRARY_SEARCH_PATHS_QUOTED_FOR_TARGET_36)",
					"$(LIBRARY_SEARCH_PATHS_QUOTED_FOR_TARGET_37)",
					"$(LIBRARY_SEARCH_PATHS_QUOTED_FOR_TARGET_38)",
					"$(LIBRARY_SEARCH_PATHS_QUOTED_FOR_TARGET_39)",
					"$(LIBRARY_SEARCH_PATHS_QUOTED_FOR_TARGET_40)",
					"$(LIBRARY_SEARCH_PATHS_QUOTED_FOR_TARGET_41)",
					"$(LIBRARY_SEARCH_PATHS_QUOTED_FOR_TARGET_42)",
					"$(LIBRARY_SEARCH_PATHS_QUOTED_FOR_TARGET_43)",
					"$(LIBRARY_SEARCH_PATHS_QUOTED_FOR_TARGET_44)",
					"$(LIBRARY_SEARCH_PATHS_QUOTED_FOR_TARGET_45)",
					"$(LIBRARY_SEARCH_PATHS_QUOTED_FOR_TARGET_46)",
					"$(LIBRARY_SEARCH_PATHS_QUOTED_FOR_TARGET_47)",
					"$(LIBRARY_SEARCH_PATHS_QUOTED_FOR_TARGET_48)",
					"$(LIBRARY_SEARCH_PATHS_QUOTED_FOR_TARGET_49)",
					"$(LIBRARY_SEARCH_PATHS_QUOTED_FOR_TARGET_50)",
					"$(LIBRARY_SEARCH_PATHS_QUOTED_FOR_TARGET_51)",
					"$(LIBRARY_SEARCH_PATHS_QUOTED_FOR_TARGET_1)",
					"$(LIBRARY_SEARCH_PATHS_QUOTED_FOR_TARGET_2)",
					"$(LIBRARY_SEARCH_PATHS_QUOTED_FOR_TARGET_3)",
					"$(LIBRARY_SEARCH_PATHS_QUOTED_FOR_TARGET_4)",
					"$(LIBRARY_SEARCH_PATHS_QUOTED_FOR_TARGET_5)",
					"$(LIBRARY_SEARCH_PATHS_QUOTED_FOR_TARGET_6)",
					"$(LIBRARY_SEARCH_PATHS_QUOTED_FOR_TARGET_7)",
					"$(LIBRARY_SEARCH_PATHS_QUOTED_FOR_TARGET_8)",
				);
				LIBRARY_SEARCH_PATHS_QUOTED_FOR_TARGET_1 = "\"$(SRCROOT)/../../../addons/ofxOsc/libs/oscpack/lib/android/arm7\"";
				LIBRARY_SEARCH_PATHS_QUOTED_FOR_TARGET_2 = "\"$(SRCROOT)/../../../addons/ofxOsc/libs/oscpack/lib/android\"";
				LIBRARY_SEARCH_PATHS_QUOTED_FOR_TARGET_3 = "\"$(SRCROOT)/../../../addons/ofxOsc/libs/oscpack/lib/iphone\"";
				LIBRARY_SEARCH_PATHS_QUOTED_FOR_TARGET_4 = "\"$(SRCROOT)/../../../addons/ofxOsc/libs/oscpack/lib/linux\"";
				LIBRARY_SEARCH_PATHS_QUOTED_FOR_TARGET_5 = "\"$(SRCROOT)/../../../addons/ofxOsc/libs/oscpack/lib/linux64\"";
				LIBRARY_SEARCH_PATHS_QUOTED_FOR_TARGET_6 = "\"$(SRCROOT)/../../../addons/ofxOsc/libs/oscpack/lib/osx\"";
				LIBRARY_SEARCH_PATHS_QUOTED_FOR_TARGET_7 = "\"$(SRCROOT)/../../../addons/ofxOsc/libs/oscpack/lib/vs2010\"";
				LIBRARY_SEARCH_PATHS_QUOTED_FOR_TARGET_8 = "\"$(SRCROOT)/../../../addons/ofxOsc/libs/oscpack/lib/win_cb\"";
				PREBINDING = NO;
				PRODUCT_NAME = SensorMidi;
				SDKROOT = "$(DEVELOPER_SDK_DIR)/MacOSX10.6.sdk";
				WRAPPER_EXTENSION = app;
			};
			name = Release;
		};
/* End XCBuildConfiguration section */

/* Begin XCConfigurationList section */
		E4B69B4D0A3A1720003C02F2 /* Build configuration list for PBXProject "SensorMidi" */ = {
			isa = XCConfigurationList;
			buildConfigurations = (
				E4B69B4E0A3A1720003C02F2 /* Debug */,
				E4B69B4F0A3A1720003C02F2 /* Release */,
			);
			defaultConfigurationIsVisible = 0;
			defaultConfigurationName = Release;
		};
		E4B69B5F0A3A1757003C02F2 /* Build configuration list for PBXNativeTarget "SensorMidi" */ = {
			isa = XCConfigurationList;
			buildConfigurations = (
				E4B69B600A3A1757003C02F2 /* Debug */,
				E4B69B610A3A1757003C02F2 /* Release */,
			);
			defaultConfigurationIsVisible = 0;
			defaultConfigurationName = Release;
		};
/* End XCConfigurationList section */
	};
	rootObject = E4B69B4C0A3A1720003C02F2 /* Project object */;
}
